
Microsoft Visual Studio Solution File, Format Version 12.00
# Visual Studio Version 17
VisualStudioVersion = 17.8.34330.188
MinimumVisualStudioVersion = 10.0.40219.1
Project("{9A19103F-16F7-4668-BE54-9A1E7A4F7556}") = "Nodify", "Nodify\Nodify.csproj", "{A4349FD1-2774-42F2-90FD-7D8F4CA8BB71}"
EndProject
Project("{2150E333-8FDC-42A3-9474-1A3956D46DE8}") = "Solution Items", "Solution Items", "{88D231A7-D09F-492F-887F-DDBC46398284}"
	ProjectSection(SolutionItems) = preProject
		build_cloudflare.sh = build_cloudflare.sh
		CHANGELOG.md = CHANGELOG.md
		Directory.Build.props = Directory.Build.props
		README.md = README.md
	EndProjectSection
EndProject
Project("{FAE04EC0-301F-11D3-BF4B-00C04F79EFBC}") = "Nodify.Shared", "Nodify.Shared\Nodify.Shared.csproj", "{8E12F9C1-0184-6D8B-FFB4-B6C07CB7F005}"
EndProject
Project("{FAE04EC0-301F-11D3-BF4B-00C04F79EFBC}") = "JaspersSimulator", "JaspersSimulator\JaspersSimulator.csproj", "{621D6DA9-23F3-4D63-93D6-B18002D00DCB}"
EndProject
Project("{FAE04EC0-301F-11D3-BF4B-00C04F79EFBC}") = "Jaspers", "Jaspers2\Jaspers.csproj", "{F1244F99-A60B-20AF-B585-D5A35E067A84}"
EndProject
Global
	GlobalSection(SolutionConfigurationPlatforms) = preSolution
		Debug|Any CPU = Debug|Any CPU
		Release|Any CPU = Release|Any CPU
	EndGlobalSection
	GlobalSection(ProjectConfigurationPlatforms) = postSolution
		{A4349FD1-2774-42F2-90FD-7D8F4CA8BB71}.Debug|Any CPU.ActiveCfg = Debug|Any CPU
		{A4349FD1-2774-42F2-90FD-7D8F4CA8BB71}.Debug|Any CPU.Build.0 = Debug|Any CPU
		{A4349FD1-2774-42F2-90FD-7D8F4CA8BB71}.Release|Any CPU.ActiveCfg = Release|Any CPU
		{A4349FD1-2774-42F2-90FD-7D8F4CA8BB71}.Release|Any CPU.Build.0 = Release|Any CPU
		{8E12F9C1-0184-6D8B-FFB4-B6C07CB7F005}.Debug|Any CPU.ActiveCfg = Debug|Any CPU
		{8E12F9C1-0184-6D8B-FFB4-B6C07CB7F005}.Debug|Any CPU.Build.0 = Debug|Any CPU
		{8E12F9C1-0184-6D8B-FFB4-B6C07CB7F005}.Release|Any CPU.ActiveCfg = Release|Any CPU
		{8E12F9C1-0184-6D8B-FFB4-B6C07CB7F005}.Release|Any CPU.Build.0 = Release|Any CPU
		{621D6DA9-23F3-4D63-93D6-B18002D00DCB}.Debug|Any CPU.ActiveCfg = Debug|Any CPU
		{621D6DA9-23F3-4D63-93D6-B18002D00DCB}.Debug|Any CPU.Build.0 = Debug|Any CPU
		{621D6DA9-23F3-4D63-93D6-B18002D00DCB}.Release|Any CPU.ActiveCfg = Release|Any CPU
		{621D6DA9-23F3-4D63-93D6-B18002D00DCB}.Release|Any CPU.Build.0 = Release|Any CPU
		{F1244F99-A60B-20AF-B585-D5A35E067A84}.Debug|Any CPU.ActiveCfg = Debug|Any CPU
		{F1244F99-A60B-20AF-B585-D5A35E067A84}.Debug|Any CPU.Build.0 = Debug|Any CPU
		{F1244F99-A60B-20AF-B585-D5A35E067A84}.Release|Any CPU.ActiveCfg = Release|Any CPU
		{F1244F99-A60B-20AF-B585-D5A35E067A84}.Release|Any CPU.Build.0 = Release|Any CPU
	EndGlobalSection
	GlobalSection(SolutionProperties) = preSolution
		HideSolutionNode = FALSE
	EndGlobalSection
	GlobalSection(ExtensibilityGlobals) = postSolution
		SolutionGuid = {B9E59DB6-FB93-48F3-A8E0-1E549009E043}
	EndGlobalSection
EndGlobal
